<?xml version="1.0" encoding="utf-8"?>
<Project ToolsVersion="4.0" xmlns="http://schemas.microsoft.com/developer/msbuild/2003">
  <ItemGroup>
    <Filter Include="Source Files">
      <UniqueIdentifier>{4FC737F1-C7A5-4376-A066-2A32D752A2FF}</UniqueIdentifier>
      <Extensions>cpp;c;cc;cxx;def;odl;idl;hpj;bat;asm;asmx</Extensions>
    </Filter>
    <Filter Include="Header Files">
      <UniqueIdentifier>{93995380-89BD-4b04-88EB-625FBE52EBFB}</UniqueIdentifier>
      <Extensions>h;hh;hpp;hxx;hm;inl;inc;xsd</Extensions>
    </Filter>
    <Filter Include="Resource Files">
      <UniqueIdentifier>{67DA6AB6-F800-4c08-8B7A-83BB121AAD01}</UniqueIdentifier>
      <Extensions>rc;ico;cur;bmp;dlg;rc2;rct;bin;rgs;gif;jpg;jpeg;jpe;resx;tiff;tif;png;wav</Extensions>
    </Filter>
    <Filter Include="Core">
      <UniqueIdentifier>{7dd6d6ca-2eef-4140-bf7e-7e7088faf6c3}</UniqueIdentifier>
    </Filter>
    <Filter Include="Asset">
      <UniqueIdentifier>{9f2604bb-f671-421b-8fb6-aed58aac7628}</UniqueIdentifier>
    </Filter>
    <Filter Include="System">
      <UniqueIdentifier>{6aa6563f-6665-4933-96ba-60211da3a776}</UniqueIdentifier>
    </Filter>
    <Filter Include="RHI">
      <UniqueIdentifier>{09ca9133-e7bf-4839-959c-aa211707043f}</UniqueIdentifier>
    </Filter>
    <Filter Include="ThirdLibrary">
      <UniqueIdentifier>{15d9b9db-7d1b-4d08-a2b7-5b7014fb244b}</UniqueIdentifier>
    </Filter>
    <Filter Include="Utils">
      <UniqueIdentifier>{589d3155-b473-4161-94fe-a7091dbe91ac}</UniqueIdentifier>
    </Filter>
  </ItemGroup>
  <ItemGroup>
    <ClCompile Include="src\main.cpp">
      <Filter>Source Files</Filter>
    </ClCompile>
    <ClCompile Include="src\JobSystem.cpp">
      <Filter>Core</Filter>
    </ClCompile>
  </ItemGroup>
  <ItemGroup>
    <ClInclude Include="ThreadSafeRingBuffer.h">
      <Filter>Header Files</Filter>
    </ClInclude>
    <ClInclude Include="Resourse.h">
      <Filter>Header Files</Filter>
    </ClInclude>
    <ClInclude Include="Asset.h">
      <Filter>Asset</Filter>
    </ClInclude>
    <ClInclude Include="ImageAsset.h">
      <Filter>Asset</Filter>
    </ClInclude>
    <ClInclude Include="BufferAsset.h">
      <Filter>Asset</Filter>
    </ClInclude>
    <ClInclude Include="include\AsyncLoader.h">
      <Filter>Asset</Filter>
    </ClInclude>
    <ClInclude Include="include\SystemBase.h">
      <Filter>System</Filter>
    </ClInclude>
    <ClInclude Include="include\JobSystem.h">
      <Filter>Core</Filter>
    </ClInclude>
    <ClInclude Include="AssetManager.h">
      <Filter>Asset</Filter>
    </ClInclude>
    <ClInclude Include="PathUtils.h">
      <Filter>Utils</Filter>
    </ClInclude>
    <ClInclude Include="TransferQueue.h">
      <Filter>Core</Filter>
    </ClInclude>
    <ClInclude Include="Job.h">
      <Filter>Core</Filter>
    </ClInclude>
  </ItemGroup>
</Project>